- uuid: e00d2b19-5495-4ce5-87c2-18b9df7f6658
  type: SingleChoice
  content: What is Sherlock?
  hint: NoHint
  explanation: Sherlock is a code audit market place.
  answerKeys:
    - B  
  difficultyLevel: "Low"
  choices:
    - content: Insurance company
      key: A
    - content: Code audit marketplace
      key: B
    - content: Mutual funds company
      key: C
    - content: Bank
      key: D
- uuid: cdc68343-ec3e-4fee-a1a8-2807dd0bd714
  type: SingleChoice
  content: To whom does Sherlock provide insurance cover?
  hint: NoHint
  explanation: Sherlock provides insurance cover only to protocols and covers loss of fund by smart contracts that are audited by Sherlock.
  answerKeys:
    - D
  difficultyLevel: "Medium"
  choices:
    - content: They offer health insurance to their users, so protocols cannot get insured
      key: A
    - content: To day-to-day users who wish to secure their funds 
      key: B
    - content: Directly to any party willing to pay an insurance premium
      key: C
    - content: To smart contracts / protocols audited by Sherlock
      key: D
- uuid: de3f96dd-7bb4-4a59-a142-f5732024fd78
  type: SingleChoice
  content: Depending on the mode of audit contest prefferred by the protocol, how is the insurance premium affected?
  hint: NoHint
  explanation: If the protocol wants to hold a public audit contest then 2% premium rate, if a private audit contest 2.25% premium rate.
  answerKeys:
    - A
  difficultyLevel: "Medium"
  choices:
    - content: 2% premium rate for public audit contests and 2.25% for private audit contests
      key: A
    - content: 2.25% premium rate for public audit contests and 2% for private audit contests
      key: B
    - content: The premium rate is not affected by the mode of audit contest
      key: C
    - content: None of the above
      key: D
- uuid: 52902bed-6e4a-4506-bc46-f0dc5330390a
  type: SingleChoice
  content: What is / are the criteria for a protocol to stay current on premium?
  hint: NoHint
  explanation: Each protocol is required to maintain a minimum active balance of 500 USDC and 12 hours of minimum time of coverage left to stay current on payment. If a protocol falls below these requirements, it will be considered to have opted out of the insurance policy. 

  answerKeys:
    - D
  difficultyLevel: "Medium"
  choices:
    - content: Minimum active balance of 500 USD
      key: A
    - content: Minimum of 12 hours of coverage left
      key: B
    - content: No minimum criteria required
      key: C
    - content: Both A and B
      key: D
- uuid: 5398626f-52d0-4f5b-a82d-c1176bf8d69a
  type: SingleChoice
  content: Say a company is insured for 5 million but Sherlock's TVL is 4 million, what happens in this scenario?
  hint: NoHint
  explanation: Sherlock will charge the protocol for a 4 million USD cover and not a 5 million USD cover.
  answerKeys:
    - B
  difficultyLevel: "Medium"
  choices:
    - content: Sherlock will charge the protocol for a 5 million USD cover
      key: A
    - content: Sherlock will charge the protocol by for a 4 million USD cover and not a 5 million USD cover
      key: B
    - content: Sherlock will charge the protocol for (5 million + Sherlock's TVL) / 2
      key: C
    - content: None of these
      key: D
- uuid: a0f302e4-1097-4a69-afdc-799b09e5f530
  type: SingleChoice
  content: Up to how much of the user's staked USDC is slashed in the event of an insurance claim? 
  hint: NoHint
  explanation: On staking, the user accepts the risk that up to 50% of their staked USDC could be slashed in the case of one or multiple claim(s).
  answerKeys:
    - D
  difficultyLevel: "Low"
  choices:
    - content: 30%
      key: A
    - content: 25%
      key: B
    - content: 75%
      key: C
    - content: 50%
      key: D
- uuid: 27249c75-59c1-44fe-b760-3f99a91a5500
  type: MultipleChoice
  content: APY for stake users comes from which of these sources?
  hint: NoHint
  explanation: | 
               The APY is generated for the user from three streams,
               Premium paid by protocols
               Yield generated by Sherlock by investing the staked USDC into protocols like Aave and Compound
               SHER rewards
                
  answerKeys:
    - A
    - C
    - D
  difficultyLevel: "High"
  choices:
    - content: Premium paid by protocols
      key: A
    - content: AAVE rewards
      key: B
    - content: Yield from Sherlock's investments in Aave, Compound, etc
      key: C
    - content: SHER rewards
      key: D
- uuid: fd23572fb-30b7-480d-932a-8347097dffdd
  type: SingleChoice
  content: Which of these statements are true regarding staking and unstaking in Sherlock?
  hint: NoHint
  explanation: After end of lockup period, the user has 2 weeks to unstake the money, else it gets restaked automatically by a bot and it is not possible to unstake before the end of lockup period.
  answerKeys:
    - D
  difficultyLevel: "Medium"
  choices:
    - content: After end of lockup period, the user has 2 weeks to unstake the money, else it gets restaked automatically
      key: A
    - content: It is possible to unstake before the end of lockup period by paying a fee
      key: B
    - content: It is not possible to unstake before the end of lockup period
      key: C
    - content: Both A and C
      key: D
- uuid: 13b1c7d0-e6ca-4094-a683-49d695841b49
  type: MultipleChoice
  content: Which of the following is true regarding SHER distrubution?
  hint: NoHint
  explanation: Claims should abide with the expected time period, should have been in justified categories and significant amount.
  answerKeys:
    - B
    - C
  difficultyLevel: "High"
  choices:
    - content: The distrubution rate starts at zero and increases linearly till a value of TVL is achieved
      key: A
    - content: The distrubution rate starts at a high rate and remains constant till a value of TVL is achieved
      key: B
    - content: The distrubution rate starts reducing linearly after a point of TVL (of Sherlock) and reaches zero eventually
      key: C
    - content: The distrubution rate starts reducing linearly after a point of TVL (of Sherlock) and never reaches zero
      key: D
- uuid: 3cd83456-2eef-409e-abe8-9f4bf94dfbff
  type: SingleChoice
  content: What are the two levels the insured protocol can access to evaluate a claim?
  hint: NoHint
  explanation: The protocol can reach the SPCC (Sherlock Protocol Claims Committee) or the UMA optimistic oracle to evaluate their claim
  answerKeys:
    - A
  difficultyLevel: "Medium"
  choices:
    - content: Sherlock Protocol Claims Committee and UMA optimistic oracle
      key: A
    - content: Sherlock Protocol Claims Committee and OOPS optimistic oracle
      key: B
    - content: Sherlock Protocol Claims Committee and the judicial court
      key: C
    - content: The legal system of their state and Sherlock Protocol Claims Committee
      key: D
- uuid: 198f70af-a6cc-46f4-b85a-a4fd2b9078b9
  type: SingleChoice
  content: If the total claim(s) value is more then 50% of the Sherlock TVL, what happens?
  hint: NoHint
  explanation: If an exploit becomes possible on multiple protocols due to a chain bug (i.e. a bug in Ethereum L1), then no more than 50% of the staking pool can be used to repay those exploits.
  answerKeys:
    - A
  difficultyLevel: "Medium"
  choices:
    - content: No more than 50% of TVL will be used to repay those exploits
      key: A
    - content: The whole of the exploits will be paid back
      key: B
    - content: The exploits will be neglected and will not be paid back
      key: C
    - content: The exploits will be paid back by a loan taken by Sherlock
      key: D
